{
  "lockfileVersion": 1,
  "configVersion": 1,
  "workspaces": {
    "": {
      "name": "raylib",
      "devDependencies": {
        "@types/atom": "^1.40.0",
        "@types/node": "^22.0.0",
        "typescript": "^5.4.0",
      },
    },
  },
  "packages": {
    "@types/atom": ["@types/atom@1.40.18", "", { "dependencies": { "@types/node": "*" } }, "sha512-UQ0JwthB6ryEI8YM+9BodKWRgxO/LPCE51j37mAY1+9u9k39Cr2tiJJ6lFoWJjaKB3ubJZuSgdCib3McMnM8/Q=="],

    "@types/node": ["@types/node@22.20.1", "", { "dependencies": { "undici-types": "~6.21.0" } }, "sha512-EANqOCF9QFyra+4pfxUcX9STKJpCLjMbObVzljIJomAWSnuSIEAvyzEU53GaajbXJEgdh0iEcPL+DGvpUd4k1Q=="],

    "typescript": ["typescript@5.9.3", "", { "bin": { "tsc": "bin/tsc", "tsserver": "bin/tsserver" } }, "sha512-jl1vZzPDinLr9eUt3J/t7V6FgNEw9QjvBPdysz9KfQDD41fQrC2Y4vKQdiaUpFT4bXlb1RHhLpp8wtm6M5TgSw=="],

    "undici-types": ["undici-types@6.21.0", "", {}, "sha512-iwDZqg0QAGrg9Rav5H4n0M64c3mkR59cJ6wQp+7C4nI0gsmExaedaYLNO44eT4AtBBwjbTiGPMlt2Md0T9H9JQ=="],
  }
}
